
Microsoft Visual Studio Solution File, Format Version 12.00
# Visual Studio Version 17
VisualStudioVersion = 17.4.33213.308
MinimumVisualStudioVersion = 10.0.40219.1
Project("{FAE04EC0-301F-11D3-BF4B-00C04F79EFBC}") = "VoingValidation", "Validation\VoingValidation.csproj", "{45709696-5DBB-4112-BD08-A6F4AA390888}"
EndProject
Global
	GlobalSection(SolutionConfigurationPlatforms) = preSolution
		Debug|Any CPU = Debug|Any CPU
		Release|Any CPU = Release|Any CPU
	EndGlobalSection
	GlobalSection(ProjectConfigurationPlatforms) = postSolution
		{45709696-5DBB-4112-BD08-A6F4AA390888}.Debug|Any CPU.ActiveCfg = Debug|Any CPU
		{45709696-5DBB-4112-BD08-A6F4AA390888}.Debug|Any CPU.Build.0 = Debug|Any CPU
		{45709696-5DBB-4112-BD08-A6F4AA390888}.Release|Any CPU.ActiveCfg = Release|Any CPU
		{45709696-5DBB-4112-BD08-A6F4AA390888}.Release|Any CPU.Build.0 = Release|Any CPU
	EndGlobalSection
	GlobalSection(SolutionProperties) = preSolution
		HideSolutionNode = FALSE
	EndGlobalSection
	GlobalSection(ExtensibilityGlobals) = postSolution
		SolutionGuid = {E1F64E90-44F0-4193-8126-4027E3C73F8B}
	EndGlobalSection
EndGlobal
